
Microsoft Visual Studio Solution File, Format Version 12.00
# Visual Studio Version 17
VisualStudioVersion = 17.13.35931.197 d17.13
MinimumVisualStudioVersion = 10.0.40219.1
Project("{FAE04EC0-301F-11D3-BF4B-00C04F79EFBC}") = "Queues_Fulton_Christopher", "Queues_Fulton_Christopher\Queues_Fulton_Christopher.csproj", "{B555961C-38A2-47AD-923C-DB771AECF6D3}"
EndProject
Global
	GlobalSection(SolutionConfigurationPlatforms) = preSolution
		Debug|Any CPU = Debug|Any CPU
		Release|Any CPU = Release|Any CPU
	EndGlobalSection
	GlobalSection(ProjectConfigurationPlatforms) = postSolution
		{B555961C-38A2-47AD-923C-DB771AECF6D3}.Debug|Any CPU.ActiveCfg = Debug|Any CPU
		{B555961C-38A2-47AD-923C-DB771AECF6D3}.Debug|Any CPU.Build.0 = Debug|Any CPU
		{B555961C-38A2-47AD-923C-DB771AECF6D3}.Release|Any CPU.ActiveCfg = Release|Any CPU
		{B555961C-38A2-47AD-923C-DB771AECF6D3}.Release|Any CPU.Build.0 = Release|Any CPU
	EndGlobalSection
	GlobalSection(SolutionProperties) = preSolution
		HideSolutionNode = FALSE
	EndGlobalSection
	GlobalSection(ExtensibilityGlobals) = postSolution
		SolutionGuid = {AC0664F1-6ACC-43AA-AECE-190342864891}
	EndGlobalSection
EndGlobal
